
Microsoft Visual Studio Solution File, Format Version 12.00
# Visual Studio Version 17
VisualStudioVersion = 17.9.34714.143
MinimumVisualStudioVersion = 10.0.40219.1
Project("{8BC9CEB8-8B4A-11D0-8D11-00A0C91BC942}") = "day_26", "day_26\day_26.vcxproj", "{293DB965-5F39-4ED6-B5D7-5CDD00AE1D15}"
EndProject
Global
	GlobalSection(SolutionConfigurationPlatforms) = preSolution
		Debug|x64 = Debug|x64
		Debug|x86 = Debug|x86
		Release|x64 = Release|x64
		Release|x86 = Release|x86
	EndGlobalSection
	GlobalSection(ProjectConfigurationPlatforms) = postSolution
		{293DB965-5F39-4ED6-B5D7-5CDD00AE1D15}.Debug|x64.ActiveCfg = Debug|x64
		{293DB965-5F39-4ED6-B5D7-5CDD00AE1D15}.Debug|x64.Build.0 = Debug|x64
		{293DB965-5F39-4ED6-B5D7-5CDD00AE1D15}.Debug|x86.ActiveCfg = Debug|Win32
		{293DB965-5F39-4ED6-B5D7-5CDD00AE1D15}.Debug|x86.Build.0 = Debug|Win32
		{293DB965-5F39-4ED6-B5D7-5CDD00AE1D15}.Release|x64.ActiveCfg = Release|x64
		{293DB965-5F39-4ED6-B5D7-5CDD00AE1D15}.Release|x64.Build.0 = Release|x64
		{293DB965-5F39-4ED6-B5D7-5CDD00AE1D15}.Release|x86.ActiveCfg = Release|Win32
		{293DB965-5F39-4ED6-B5D7-5CDD00AE1D15}.Release|x86.Build.0 = Release|Win32
	EndGlobalSection
	GlobalSection(SolutionProperties) = preSolution
		HideSolutionNode = FALSE
	EndGlobalSection
	GlobalSection(ExtensibilityGlobals) = postSolution
		SolutionGuid = {71812284-713D-4359-A864-7FAE50D6B821}
	EndGlobalSection
EndGlobal
